
Microsoft Visual Studio Solution File, Format Version 12.00
# Visual Studio Version 17
VisualStudioVersion = 17.10.35004.147
MinimumVisualStudioVersion = 10.0.40219.1
Project("{9A19103F-16F7-4668-BE54-9A1E7A4F7556}") = "Mammoth", "Mammoth\Mammoth.csproj", "{51C5CBD6-8809-4D5E-BABE-1787A16F5ED8}"
EndProject
Project("{9A19103F-16F7-4668-BE54-9A1E7A4F7556}") = "Mammoth.Tests", "Mammoth.Tests\Mammoth.Tests.csproj", "{E9C3EA8B-FF3B-4E3E-8137-1510465200B5}"
EndProject
Project("{FAE04EC0-301F-11D3-BF4B-00C04F79EFBC}") = "Mammoth.API", "Mammoth.API\Mammoth.API.csproj", "{48818956-60CA-4B4F-848B-F644E514A779}"
EndProject
Global
	GlobalSection(SolutionConfigurationPlatforms) = preSolution
		Debug|Any CPU = Debug|Any CPU
		Release|Any CPU = Release|Any CPU
	EndGlobalSection
	GlobalSection(ProjectConfigurationPlatforms) = postSolution
		{51C5CBD6-8809-4D5E-BABE-1787A16F5ED8}.Debug|Any CPU.ActiveCfg = Debug|Any CPU
		{51C5CBD6-8809-4D5E-BABE-1787A16F5ED8}.Debug|Any CPU.Build.0 = Debug|Any CPU
		{51C5CBD6-8809-4D5E-BABE-1787A16F5ED8}.Release|Any CPU.ActiveCfg = Release|Any CPU
		{51C5CBD6-8809-4D5E-BABE-1787A16F5ED8}.Release|Any CPU.Build.0 = Release|Any CPU
		{E9C3EA8B-FF3B-4E3E-8137-1510465200B5}.Debug|Any CPU.ActiveCfg = Debug|Any CPU
		{E9C3EA8B-FF3B-4E3E-8137-1510465200B5}.Debug|Any CPU.Build.0 = Debug|Any CPU
		{E9C3EA8B-FF3B-4E3E-8137-1510465200B5}.Release|Any CPU.ActiveCfg = Release|Any CPU
		{E9C3EA8B-FF3B-4E3E-8137-1510465200B5}.Release|Any CPU.Build.0 = Release|Any CPU
		{48818956-60CA-4B4F-848B-F644E514A779}.Debug|Any CPU.ActiveCfg = Debug|Any CPU
		{48818956-60CA-4B4F-848B-F644E514A779}.Debug|Any CPU.Build.0 = Debug|Any CPU
		{48818956-60CA-4B4F-848B-F644E514A779}.Release|Any CPU.ActiveCfg = Release|Any CPU
		{48818956-60CA-4B4F-848B-F644E514A779}.Release|Any CPU.Build.0 = Release|Any CPU
	EndGlobalSection
	GlobalSection(SolutionProperties) = preSolution
		HideSolutionNode = FALSE
	EndGlobalSection
	GlobalSection(ExtensibilityGlobals) = postSolution
		SolutionGuid = {15E4E08D-8E56-4F82-BE8F-CBAF0B33690B}
	EndGlobalSection
EndGlobal
