
Microsoft Visual Studio Solution File, Format Version 12.00
# Visual Studio Version 16
VisualStudioVersion = 16.0.30428.66
MinimumVisualStudioVersion = 10.0.40219.1
Project("{FAE04EC0-301F-11D3-BF4B-00C04F79EFBC}") = "Mammoth.Tests", "Mammoth.Tests\Mammoth.Tests.csproj", "{E9C3EA8B-FF3B-4E3E-8137-1510465200B5}"
EndProject
Project("{9A19103F-16F7-4668-BE54-9A1E7A4F7556}") = "Mammoth", "Mammoth\Mammoth.csproj", "{ADF3AF58-6F05-4D06-ABD0-25AAA1FAC499}"
EndProject
Project("{9A19103F-16F7-4668-BE54-9A1E7A4F7556}") = "Mammoth.Cli", "Mammoth.Cli\Mammoth.Cli.csproj", "{09E050A8-015E-4669-BFDC-721676FE425D}"
EndProject
Global
	GlobalSection(SolutionConfigurationPlatforms) = preSolution
		Debug|Any CPU = Debug|Any CPU
		Release|Any CPU = Release|Any CPU
	EndGlobalSection
	GlobalSection(ProjectConfigurationPlatforms) = postSolution
		{E9C3EA8B-FF3B-4E3E-8137-1510465200B5}.Debug|Any CPU.ActiveCfg = Debug|Any CPU
		{E9C3EA8B-FF3B-4E3E-8137-1510465200B5}.Debug|Any CPU.Build.0 = Debug|Any CPU
		{E9C3EA8B-FF3B-4E3E-8137-1510465200B5}.Release|Any CPU.ActiveCfg = Release|Any CPU
		{E9C3EA8B-FF3B-4E3E-8137-1510465200B5}.Release|Any CPU.Build.0 = Release|Any CPU
		{ADF3AF58-6F05-4D06-ABD0-25AAA1FAC499}.Debug|Any CPU.ActiveCfg = Debug|Any CPU
		{ADF3AF58-6F05-4D06-ABD0-25AAA1FAC499}.Debug|Any CPU.Build.0 = Debug|Any CPU
		{ADF3AF58-6F05-4D06-ABD0-25AAA1FAC499}.Release|Any CPU.ActiveCfg = Release|Any CPU
		{ADF3AF58-6F05-4D06-ABD0-25AAA1FAC499}.Release|Any CPU.Build.0 = Release|Any CPU
		{09E050A8-015E-4669-BFDC-721676FE425D}.Debug|Any CPU.ActiveCfg = Debug|Any CPU
		{09E050A8-015E-4669-BFDC-721676FE425D}.Debug|Any CPU.Build.0 = Debug|Any CPU
		{09E050A8-015E-4669-BFDC-721676FE425D}.Release|Any CPU.ActiveCfg = Release|Any CPU
		{09E050A8-015E-4669-BFDC-721676FE425D}.Release|Any CPU.Build.0 = Release|Any CPU
	EndGlobalSection
	GlobalSection(SolutionProperties) = preSolution
		HideSolutionNode = FALSE
	EndGlobalSection
	GlobalSection(ExtensibilityGlobals) = postSolution
		SolutionGuid = {303F01B6-7EB3-4672-8BCC-BE6F16F422E8}
	EndGlobalSection
EndGlobal
